
Microsoft Visual Studio Solution File, Format Version 12.00
# Visual Studio Version 17
VisualStudioVersion = 17.11.35327.3
MinimumVisualStudioVersion = 10.0.40219.1
Project("{FAE04EC0-301F-11D3-BF4B-00C04F79EFBC}") = "DeliveryService", "DeliveryService\DeliveryService.csproj", "{F5F578E4-E5C8-4C45-AE5A-0CC8902ED349}"
EndProject
Global
	GlobalSection(SolutionConfigurationPlatforms) = preSolution
		Debug|Any CPU = Debug|Any CPU
		Release|Any CPU = Release|Any CPU
	EndGlobalSection
	GlobalSection(ProjectConfigurationPlatforms) = postSolution
		{F5F578E4-E5C8-4C45-AE5A-0CC8902ED349}.Debug|Any CPU.ActiveCfg = Debug|Any CPU
		{F5F578E4-E5C8-4C45-AE5A-0CC8902ED349}.Debug|Any CPU.Build.0 = Debug|Any CPU
		{F5F578E4-E5C8-4C45-AE5A-0CC8902ED349}.Release|Any CPU.ActiveCfg = Release|Any CPU
		{F5F578E4-E5C8-4C45-AE5A-0CC8902ED349}.Release|Any CPU.Build.0 = Release|Any CPU
	EndGlobalSection
	GlobalSection(SolutionProperties) = preSolution
		HideSolutionNode = FALSE
	EndGlobalSection
	GlobalSection(ExtensibilityGlobals) = postSolution
		SolutionGuid = {10D7EC43-A0FA-45F7-BACF-8916F04451B2}
	EndGlobalSection
EndGlobal
